
Microsoft Visual Studio Solution File, Format Version 12.00
# Visual Studio Version 17
VisualStudioVersion = 17.11.35312.102
MinimumVisualStudioVersion = 10.0.40219.1
Project("{9A19103F-16F7-4668-BE54-9A1E7A4F7556}") = "AuctionService", "AuctionService\AuctionService.csproj", "{6173FBCD-25F5-4786-B886-04D46AD4D3C4}"
EndProject
Project("{2150E333-8FDC-42A3-9474-1A3956D46DE8}") = "Solution Items", "Solution Items", "{F8DC8E62-02BD-4A9C-882E-0240798B4CE0}"
	ProjectSection(SolutionItems) = preProject
		docker-compose.yml = docker-compose.yml
	EndProjectSection
EndProject
Project("{FAE04EC0-301F-11D3-BF4B-00C04F79EFBC}") = "AuctionSrvTest", "AuctionSrvTest\AuctionSrvTest.csproj", "{CA379A18-82DB-4D62-92DD-CC68659BB384}"
EndProject
Global
	GlobalSection(SolutionConfigurationPlatforms) = preSolution
		Debug|Any CPU = Debug|Any CPU
		Release|Any CPU = Release|Any CPU
	EndGlobalSection
	GlobalSection(ProjectConfigurationPlatforms) = postSolution
		{6173FBCD-25F5-4786-B886-04D46AD4D3C4}.Debug|Any CPU.ActiveCfg = Debug|Any CPU
		{6173FBCD-25F5-4786-B886-04D46AD4D3C4}.Debug|Any CPU.Build.0 = Debug|Any CPU
		{6173FBCD-25F5-4786-B886-04D46AD4D3C4}.Release|Any CPU.ActiveCfg = Release|Any CPU
		{6173FBCD-25F5-4786-B886-04D46AD4D3C4}.Release|Any CPU.Build.0 = Release|Any CPU
		{CA379A18-82DB-4D62-92DD-CC68659BB384}.Debug|Any CPU.ActiveCfg = Debug|Any CPU
		{CA379A18-82DB-4D62-92DD-CC68659BB384}.Debug|Any CPU.Build.0 = Debug|Any CPU
		{CA379A18-82DB-4D62-92DD-CC68659BB384}.Release|Any CPU.ActiveCfg = Release|Any CPU
		{CA379A18-82DB-4D62-92DD-CC68659BB384}.Release|Any CPU.Build.0 = Release|Any CPU
	EndGlobalSection
	GlobalSection(SolutionProperties) = preSolution
		HideSolutionNode = FALSE
	EndGlobalSection
	GlobalSection(ExtensibilityGlobals) = postSolution
		SolutionGuid = {4D75ABF1-EB1C-4E60-BBD6-6BB80E7A16A6}
	EndGlobalSection
EndGlobal
